// !$*UTF8*$!
{
	archiveVersion = 1;
	classes = {
	};
	objectVersion = 46;
	objects = {

/* Begin PBXBuildFile section */
		97B8089C1C03E89C001DCD7D /* GameScene.swift in Sources */ = {isa = PBXBuildFile; fileRef = 97B8089B1C03E89C001DCD7D /* GameScene.swift */; };
		97BE17291C005CBA00506179 /* AppDelegate.swift in Sources */ = {isa = PBXBuildFile; fileRef = 97BE17281C005CBA00506179 /* AppDelegate.swift */; };
		97BE172B1C005CBA00506179 /* ViewController.swift in Sources */ = {isa = PBXBuildFile; fileRef = 97BE172A1C005CBA00506179 /* ViewController.swift */; };
		97BE172E1C005CBA00506179 /* Main.storyboard in Resources */ = {isa = PBXBuildFile; fileRef = 97BE172C1C005CBA00506179 /* Main.storyboard */; };
		97BE17301C005CBA00506179 /* Assets.xcassets in Resources */ = {isa = PBXBuildFile; fileRef = 97BE172F1C005CBA00506179 /* Assets.xcassets */; };
		97BE17331C005CBA00506179 /* LaunchScreen.storyboard in Resources */ = {isa = PBXBuildFile; fileRef = 97BE17311C005CBA00506179 /* LaunchScreen.storyboard */; };
		97BE173E1C005CBB00506179 /* GameSample01Tests.swift in Sources */ = {isa = PBXBuildFile; fileRef = 97BE173D1C005CBB00506179 /* GameSample01Tests.swift */; };
		97BE17491C005CBB00506179 /* GameSample01UITests.swift in Sources */ = {isa = PBXBuildFile; fileRef = 97BE17481C005CBB00506179 /* GameSample01UITests.swift */; };
/* End PBXBuildFile section */

/* Begin PBXContainerItemProxy section */
		97BE173A1C005CBB00506179 /* PBXContainerItemProxy */ = {
			isa = PBXContainerItemProxy;
			containerPortal = 97BE171D1C005CBA00506179 /* Project object */;
			proxyType = 1;
			remoteGlobalIDString = 97BE17241C005CBA00506179;
			remoteInfo = GameSample01;
		};
		97BE17451C005CBB00506179 /* PBXContainerItemProxy */ = {
			isa = PBXContainerItemProxy;
			containerPortal = 97BE171D1C005CBA00506179 /* Project object */;
			proxyType = 1;
			remoteGlobalIDString = 97BE17241C005CBA00506179;
			remoteInfo = GameSample01;
		};
/* End PBXContainerItemProxy section */

/* Begin PBXFileReference section */
		97B8089B1C03E89C001DCD7D /* GameScene.swift */ = {isa = PBXFileReference; fileEncoding = 4; lastKnownFileType = sourcecode.swift; path = GameScene.swift; sourceTree = "<group>"; };
		97BE17251C005CBA00506179 /* GameSample01.app */ = {isa = PBXFileReference; explicitFileType = wrapper.application; includeInIndex = 0; path = GameSample01.app; sourceTree = BUILT_PRODUCTS_DIR; };
		97BE17281C005CBA00506179 /* AppDelegate.swift */ = {isa = PBXFileReference; lastKnownFileType = sourcecode.swift; path = AppDelegate.swift; sourceTree = "<group>"; };
		97BE172A1C005CBA00506179 /* ViewController.swift */ = {isa = PBXFileReference; lastKnownFileType = sourcecode.swift; path = ViewController.swift; sourceTree = "<group>"; };
		97BE172D1C005CBA00506179 /* Base */ = {isa = PBXFileReference; lastKnownFileType = file.storyboard; name = Base; path = Base.lproj/Main.storyboard; sourceTree = "<group>"; };
		97BE172F1C005CBA00506179 /* Assets.xcassets */ = {isa = PBXFileReference; lastKnownFileType = folder.assetcatalog; path = Assets.xcassets; sourceTree = "<group>"; };
		97BE17321C005CBA00506179 /* Base */ = {isa = PBXFileReference; lastKnownFileType = file.storyboard; name = Base; path = Base.lproj/LaunchScreen.storyboard; sourceTree = "<group>"; };
		97BE17341C005CBA00506179 /* Info.plist */ = {isa = PBXFileReference; lastKnownFileType = text.plist.xml; path = Info.plist; sourceTree = "<group>"; };
		97BE17391C005CBB00506179 /* GameSample01Tests.xctest */ = {isa = PBXFileReference; explicitFileType = wrapper.cfbundle; includeInIndex = 0; path = GameSample01Tests.xctest; sourceTree = BUILT_PRODUCTS_DIR; };
		97BE173D1C005CBB00506179 /* GameSample01Tests.swift */ = {isa = PBXFileReference; lastKnownFileType = sourcecode.swift; path = GameSample01Tests.swift; sourceTree = "<group>"; };
		97BE173F1C005CBB00506179 /* Info.plist */ = {isa = PBXFileReference; lastKnownFileType = text.plist.xml; path = Info.plist; sourceTree = "<group>"; };
		97BE17441C005CBB00506179 /* GameSample01UITests.xctest */ = {isa = PBXFileReference; explicitFileType = wrapper.cfbundle; includeInIndex = 0; path = GameSample01UITests.xctest; sourceTree = BUILT_PRODUCTS_DIR; };
		97BE17481C005CBB00506179 /* GameSample01UITests.swift */ = {isa = PBXFileReference; lastKnownFileType = sourcecode.swift; path = GameSample01UITests.swift; sourceTree = "<group>"; };
		97BE174A1C005CBB00506179 /* Info.plist */ = {isa = PBXFileReference; lastKnownFileType = text.plist.xml; path = Info.plist; sourceTree = "<group>"; };
/* End PBXFileReference section */

/* Begin PBXFrameworksBuildPhase section */
		97BE17221C005CBA00506179 /* Frameworks */ = {
			isa = PBXFrameworksBuildPhase;
			buildActionMask = 2147483647;
			files = (
			);
			runOnlyForDeploymentPostprocessing = 0;
		};
		97BE17361C005CBB00506179 /* Frameworks */ = {
			isa = PBXFrameworksBuildPhase;
			buildActionMask = 2147483647;
			files = (
			);
			runOnlyForDeploymentPostprocessing = 0;
		};
		97BE17411C005CBB00506179 /* Frameworks */ = {
			isa = PBXFrameworksBuildPhase;
			buildActionMask = 2147483647;
			files = (
			);
			runOnlyForDeploymentPostprocessing = 0;
		};
/* End PBXFrameworksBuildPhase section */

/* Begin PBXGroup section */
		97BE171C1C005CBA00506179 = {
			isa = PBXGroup;
			children = (
				97BE17271C005CBA00506179 /* GameSample01 */,
				97BE173C1C005CBB00506179 /* GameSample01Tests */,
				97BE17471C005CBB00506179 /* GameSample01UITests */,
				97BE17261C005CBA00506179 /* Products */,
			);
			sourceTree = "<group>";
		};
		97BE17261C005CBA00506179 /* Products */ = {
			isa = PBXGroup;
			children = (
				97BE17251C005CBA00506179 /* GameSample01.app */,
				97BE17391C005CBB00506179 /* GameSample01Tests.xctest */,
				97BE17441C005CBB00506179 /* GameSample01UITests.xctest */,
			);
			name = Products;
			sourceTree = "<group>";
		};
		97BE17271C005CBA00506179 /* GameSample01 */ = {
			isa = PBXGroup;
			children = (
				97BE17281C005CBA00506179 /* AppDelegate.swift */,
				97BE172A1C005CBA00506179 /* ViewController.swift */,
				97BE172C1C005CBA00506179 /* Main.storyboard */,
				97BE172F1C005CBA00506179 /* Assets.xcassets */,
				97BE17311C005CBA00506179 /* LaunchScreen.storyboard */,
				97BE17341C005CBA00506179 /* Info.plist */,
				97B8089B1C03E89C001DCD7D /* GameScene.swift */,
			);
			path = GameSample01;
			sourceTree = "<group>";
		};
		97BE173C1C005CBB00506179 /* GameSample01Tests */ = {
			isa = PBXGroup;
			children = (
				97BE173D1C005CBB00506179 /* GameSample01Tests.swift */,
				97BE173F1C005CBB00506179 /* Info.plist */,
			);
			path = GameSample01Tests;
			sourceTree = "<group>";
		};
		97BE17471C005CBB00506179 /* GameSample01UITests */ = {
			isa = PBXGroup;
			children = (
				97BE17481C005CBB00506179 /* GameSample01UITests.swift */,
				97BE174A1C005CBB00506179 /* Info.plist */,
			);
			path = GameSample01UITests;
			sourceTree = "<group>";
		};
/* End PBXGroup section */

/* Begin PBXNativeTarget section */
		97BE17241C005CBA00506179 /* GameSample01 */ = {
			isa = PBXNativeTarget;
			buildConfigurationList = 97BE174D1C005CBB00506179 /* Build configuration list for PBXNativeTarget "GameSample01" */;
			buildPhases = (
				97BE17211C005CBA00506179 /* Sources */,
				97BE17221C005CBA00506179 /* Frameworks */,
				97BE17231C005CBA00506179 /* Resources */,
			);
			buildRules = (
			);
			dependencies = (
			);
			name = GameSample01;
			productName = GameSample01;
			productReference = 97BE17251C005CBA00506179 /* GameSample01.app */;
			productType = "com.apple.product-type.application";
		};
		97BE17381C005CBB00506179 /* GameSample01Tests */ = {
			isa = PBXNativeTarget;
			buildConfigurationList = 97BE17501C005CBB00506179 /* Build configuration list for PBXNativeTarget "GameSample01Tests" */;
			buildPhases = (
				97BE17351C005CBB00506179 /* Sources */,
				97BE17361C005CBB00506179 /* Frameworks */,
				97BE17371C005CBB00506179 /* Resources */,
			);
			buildRules = (
			);
			dependencies = (
				97BE173B1C005CBB00506179 /* PBXTargetDependency */,
			);
			name = GameSample01Tests;
			productName = GameSample01Tests;
			productReference = 97BE17391C005CBB00506179 /* GameSample01Tests.xctest */;
			productType = "com.apple.product-type.bundle.unit-test";
		};
		97BE17431C005CBB00506179 /* GameSample01UITests */ = {
			isa = PBXNativeTarget;
			buildConfigurationList = 97BE17531C005CBB00506179 /* Build configuration list for PBXNativeTarget "GameSample01UITests" */;
			buildPhases = (
				97BE17401C005CBB00506179 /* Sources */,
				97BE17411C005CBB00506179 /* Frameworks */,
				97BE17421C005CBB00506179 /* Resources */,
			);
			buildRules = (
			);
			dependencies = (
				97BE17461C005CBB00506179 /* PBXTargetDependency */,
			);
			name = GameSample01UITests;
			productName = GameSample01UITests;
			productReference = 97BE17441C005CBB00506179 /* GameSample01UITests.xctest */;
			productType = "com.apple.product-type.bundle.ui-testing";
		};
/* End PBXNativeTarget section */

/* Begin PBXProject section */
		97BE171D1C005CBA00506179 /* Project object */ = {
			isa = PBXProject;
			attributes = {
				LastSwiftUpdateCheck = 0710;
				LastUpgradeCheck = 0710;
				ORGANIZATIONNAME = Yuu;
				TargetAttributes = {
					97BE17241C005CBA00506179 = {
						CreatedOnToolsVersion = 7.1.1;
					};
					97BE17381C005CBB00506179 = {
						CreatedOnToolsVersion = 7.1.1;
						TestTargetID = 97BE17241C005CBA00506179;
					};
					97BE17431C005CBB00506179 = {
						CreatedOnToolsVersion = 7.1.1;
						TestTargetID = 97BE17241C005CBA00506179;
					};
				};
			};
			buildConfigurationList = 97BE17201C005CBA00506179 /* Build configuration list for PBXProject "GameSample01" */;
			compatibilityVersion = "Xcode 3.2";
			developmentRegion = English;
			hasScannedForEncodings = 0;
			knownRegions = (
				en,
				Base,
			);
			mainGroup = 97BE171C1C005CBA00506179;
			productRefGroup = 97BE17261C005CBA00506179 /* Products */;
			projectDirPath = "";
			projectRoot = "";
			targets = (
				97BE17241C005CBA00506179 /* GameSample01 */,
				97BE17381C005CBB00506179 /* GameSample01Tests */,
				97BE17431C005CBB00506179 /* GameSample01UITests */,
			);
		};
/* End PBXProject section */

/* Begin PBXResourcesBuildPhase section */
		97BE17231C005CBA00506179 /* Resources */ = {
			isa = PBXResourcesBuildPhase;
			buildActionMask = 2147483647;
			files = (
				97BE17331C005CBA00506179 /* LaunchScreen.storyboard in Resources */,
				97BE17301C005CBA00506179 /* Assets.xcassets in Resources */,
				97BE172E1C005CBA00506179 /* Main.storyboard in Resources */,
			);
			runOnlyForDeploymentPostprocessing = 0;
		};
		97BE17371C005CBB00506179 /* Resources */ = {
			isa = PBXResourcesBuildPhase;
			buildActionMask = 2147483647;
			files = (
			);
			runOnlyForDeploymentPostprocessing = 0;
		};
		97BE17421C005CBB00506179 /* Resources */ = {
			isa = PBXResourcesBuildPhase;
			buildActionMask = 2147483647;
			files = (
			);
			runOnlyForDeploymentPostprocessing = 0;
		};
/* End PBXResourcesBuildPhase section */

/* Begin PBXSourcesBuildPhase section */
		97BE17211C005CBA00506179 /* Sources */ = {
			isa = PBXSourcesBuildPhase;
			buildActionMask = 2147483647;
			files = (
				97B8089C1C03E89C001DCD7D /* GameScene.swift in Sources */,
				97BE172B1C005CBA00506179 /* ViewController.swift in Sources */,
				97BE17291C005CBA00506179 /* AppDelegate.swift in Sources */,
			);
			runOnlyForDeploymentPostprocessing = 0;
		};
		97BE17351C005CBB00506179 /* Sources */ = {
			isa = PBXSourcesBuildPhase;
			buildActionMask = 2147483647;
			files = (
				97BE173E1C005CBB00506179 /* GameSample01Tests.swift in Sources */,
			);
			runOnlyForDeploymentPostprocessing = 0;
		};
		97BE17401C005CBB00506179 /* Sources */ = {
			isa = PBXSourcesBuildPhase;
			buildActionMask = 2147483647;
			files = (
				97BE17491C005CBB00506179 /* GameSample01UITests.swift in Sources */,
			);
			runOnlyForDeploymentPostprocessing = 0;
		};
/* End PBXSourcesBuildPhase section */

/* Begin PBXTargetDependency section */
		97BE173B1C005CBB00506179 /* PBXTargetDependency */ = {
			isa = PBXTargetDependency;
			target = 97BE17241C005CBA00506179 /* GameSample01 */;
			targetProxy = 97BE173A1C005CBB00506179 /* PBXContainerItemProxy */;
		};
		97BE17461C005CBB00506179 /* PBXTargetDependency */ = {
			isa = PBXTargetDependency;
			target = 97BE17241C005CBA00506179 /* GameSample01 */;
			targetProxy = 97BE17451C005CBB00506179 /* PBXContainerItemProxy */;
		};
/* End PBXTargetDependency section */

/* Begin PBXVariantGroup section */
		97BE172C1C005CBA00506179 /* Main.storyboard */ = {
			isa = PBXVariantGroup;
			children = (
				97BE172D1C005CBA00506179 /* Base */,
			);
			name = Main.storyboard;
			sourceTree = "<group>";
		};
		97BE17311C005CBA00506179 /* LaunchScreen.storyboard */ = {
			isa = PBXVariantGroup;
			children = (
				97BE17321C005CBA00506179 /* Base */,
			);
			name = LaunchScreen.storyboard;
			sourceTree = "<group>";
		};
/* End PBXVariantGroup section */

/* Begin XCBuildConfiguration section */
		97BE174B1C005CBB00506179 /* Debug */ = {
			isa = XCBuildConfiguration;
			buildSettings = {
				ALWAYS_SEARCH_USER_PATHS = NO;
				CLANG_CXX_LANGUAGE_STANDARD = "gnu++0x";
				CLANG_CXX_LIBRARY = "libc++";
				CLANG_ENABLE_MODULES = YES;
				CLANG_ENABLE_OBJC_ARC = YES;
				CLANG_WARN_BOOL_CONVERSION = YES;
				CLANG_WARN_CONSTANT_CONVERSION = YES;
				CLANG_WARN_DIRECT_OBJC_ISA_USAGE = YES_ERROR;
				CLANG_WARN_EMPTY_BODY = YES;
				CLANG_WARN_ENUM_CONVERSION = YES;
				CLANG_WARN_INT_CONVERSION = YES;
				CLANG_WARN_OBJC_ROOT_CLASS = YES_ERROR;
				CLANG_WARN_UNREACHABLE_CODE = YES;
				CLANG_WARN__DUPLICATE_METHOD_MATCH = YES;
				"CODE_SIGN_IDENTITY[sdk=iphoneos*]" = "iPhone Developer";
				COPY_PHASE_STRIP = NO;
				DEBUG_INFORMATION_FORMAT = dwarf;
				ENABLE_STRICT_OBJC_MSGSEND = YES;
				ENABLE_TESTABILITY = YES;
				GCC_C_LANGUAGE_STANDARD = gnu99;
				GCC_DYNAMIC_NO_PIC = NO;
				GCC_NO_COMMON_BLOCKS = YES;
				GCC_OPTIMIZATION_LEVEL = 0;
				GCC_PREPROCESSOR_DEFINITIONS = (
					"DEBUG=1",
					"$(inherited)",
				);
				GCC_WARN_64_TO_32_BIT_CONVERSION = YES;
				GCC_WARN_ABOUT_RETURN_TYPE = YES_ERROR;
				GCC_WARN_UNDECLARED_SELECTOR = YES;
				GCC_WARN_UNINITIALIZED_AUTOS = YES_AGGRESSIVE;
				GCC_WARN_UNUSED_FUNCTION = YES;
				GCC_WARN_UNUSED_VARIABLE = YES;
				IPHONEOS_DEPLOYMENT_TARGET = 9.1;
				MTL_ENABLE_DEBUG_INFO = YES;
				ONLY_ACTIVE_ARCH = YES;
				SDKROOT = iphoneos;
				SWIFT_OPTIMIZATION_LEVEL = "-Onone";
			};
			name = Debug;
		};
		97BE174C1C005CBB00506179 /* Release */ = {
			isa = XCBuildConfiguration;
			buildSettings = {
				ALWAYS_SEARCH_USER_PATHS = NO;
				CLANG_CXX_LANGUAGE_STANDARD = "gnu++0x";
				CLANG_CXX_LIBRARY = "libc++";
				CLANG_ENABLE_MODULES = YES;
				CLANG_ENABLE_OBJC_ARC = YES;
				CLANG_WARN_BOOL_CONVERSION = YES;
				CLANG_WARN_CONSTANT_CONVERSION = YES;
				CLANG_WARN_DIRECT_OBJC_ISA_USAGE = YES_ERROR;
				CLANG_WARN_EMPTY_BODY = YES;
				CLANG_WARN_ENUM_CONVERSION = YES;
				CLANG_WARN_INT_CONVERSION = YES;
				CLANG_WARN_OBJC_ROOT_CLASS = YES_ERROR;
				CLANG_WARN_UNREACHABLE_CODE = YES;
				CLANG_WARN__DUPLICATE_METHOD_MATCH = YES;
				"CODE_SIGN_IDENTITY[sdk=iphoneos*]" = "iPhone Developer";
				COPY_PHASE_STRIP = NO;
				DEBUG_INFORMATION_FORMAT = "dwarf-with-dsym";
				ENABLE_NS_ASSERTIONS = NO;
				ENABLE_STRICT_OBJC_MSGSEND = YES;
				GCC_C_LANGUAGE_STANDARD = gnu99;
				GCC_NO_COMMON_BLOCKS = YES;
				GCC_WARN_64_TO_32_BIT_CONVERSION = YES;
				GCC_WARN_ABOUT_RETURN_TYPE = YES_ERROR;
				GCC_WARN_UNDECLARED_SELECTOR = YES;
				GCC_WARN_UNINITIALIZED_AUTOS = YES_AGGRESSIVE;
				GCC_WARN_UNUSED_FUNCTION = YES;
				GCC_WARN_UNUSED_VARIABLE = YES;
				IPHONEOS_DEPLOYMENT_TARGET = 9.1;
				MTL_ENABLE_DEBUG_INFO = NO;
				SDKROOT = iphoneos;
				VALIDATE_PRODUCT = YES;
			};
			name = Release;
		};
		97BE174E1C005CBB00506179 /* Debug */ = {
			isa = XCBuildConfiguration;
			buildSettings = {
				ASSETCATALOG_COMPILER_APPICON_NAME = AppIcon;
				INFOPLIST_FILE = GameSample01/Info.plist;
				LD_RUNPATH_SEARCH_PATHS = "$(inherited) @executable_path/Frameworks";
				PRODUCT_BUNDLE_IDENTIFIER = jp.yuuki.tkra.GameSample01;
				PRODUCT_NAME = "$(TARGET_NAME)";
			};
			name = Debug;
		};
		97BE174F1C005CBB00506179 /* Release */ = {
			isa = XCBuildConfiguration;
			buildSettings = {
				ASSETCATALOG_COMPILER_APPICON_NAME = AppIcon;
				INFOPLIST_FILE = GameSample01/Info.plist;
				LD_RUNPATH_SEARCH_PATHS = "$(inherited) @executable_path/Frameworks";
				PRODUCT_BUNDLE_IDENTIFIER = jp.yuuki.tkra.GameSample01;
				PRODUCT_NAME = "$(TARGET_NAME)";
			};
			name = Release;
		};
		97BE17511C005CBB00506179 /* Debug */ = {
			isa = XCBuildConfiguration;
			buildSettings = {
				BUNDLE_LOADER = "$(TEST_HOST)";
				INFOPLIST_FILE = GameSample01Tests/Info.plist;
				LD_RUNPATH_SEARCH_PATHS = "$(inherited) @executable_path/Frameworks @loader_path/Frameworks";
				PRODUCT_BUNDLE_IDENTIFIER = jp.yuuki.tkra.GameSample01Tests;
				PRODUCT_NAME = "$(TARGET_NAME)";
				TEST_HOST = "$(BUILT_PRODUCTS_DIR)/GameSample01.app/GameSample01";
			};
			name = Debug;
		};
		97BE17521C005CBB00506179 /* Release */ = {
			isa = XCBuildConfiguration;
			buildSettings = {
				BUNDLE_LOADER = "$(TEST_HOST)";
				INFOPLIST_FILE = GameSample01Tests/Info.plist;
				LD_RUNPATH_SEARCH_PATHS = "$(inherited) @executable_path/Frameworks @loader_path/Frameworks";
				PRODUCT_BUNDLE_IDENTIFIER = jp.yuuki.tkra.GameSample01Tests;
				PRODUCT_NAME = "$(TARGET_NAME)";
				TEST_HOST = "$(BUILT_PRODUCTS_DIR)/GameSample01.app/GameSample01";
			};
			name = Release;
		};
		97BE17541C005CBB00506179 /* Debug */ = {
			isa = XCBuildConfiguration;
			buildSettings = {
				INFOPLIST_FILE = GameSample01UITests/Info.plist;
				LD_RUNPATH_SEARCH_PATHS = "$(inherited) @executable_path/Frameworks @loader_path/Frameworks";
				PRODUCT_BUNDLE_IDENTIFIER = jp.yuuki.tkra.GameSample01UITests;
				PRODUCT_NAME = "$(TARGET_NAME)";
				TEST_TARGET_NAME = GameSample01;
				USES_XCTRUNNER = YES;
			};
			name = Debug;
		};
		97BE17551C005CBB00506179 /* Release */ = {
			isa = XCBuildConfiguration;
			buildSettings = {
				INFOPLIST_FILE = GameSample01UITests/Info.plist;
				LD_RUNPATH_SEARCH_PATHS = "$(inherited) @executable_path/Frameworks @loader_path/Frameworks";
				PRODUCT_BUNDLE_IDENTIFIER = jp.yuuki.tkra.GameSample01UITests;
				PRODUCT_NAME = "$(TARGET_NAME)";
				TEST_TARGET_NAME = GameSample01;
				USES_XCTRUNNER = YES;
			};
			name = Release;
		};
/* End XCBuildConfiguration section */

/* Begin XCConfigurationList section */
		97BE17201C005CBA00506179 /* Build configuration list for PBXProject "GameSample01" */ = {
			isa = XCConfigurationList;
			buildConfigurations = (
				97BE174B1C005CBB00506179 /* Debug */,
				97BE174C1C005CBB00506179 /* Release */,
			);
			defaultConfigurationIsVisible = 0;
			defaultConfigurationName = Release;
		};
		97BE174D1C005CBB00506179 /* Build configuration list for PBXNativeTarget "GameSample01" */ = {
			isa = XCConfigurationList;
			buildConfigurations = (
				97BE174E1C005CBB00506179 /* Debug */,
				97BE174F1C005CBB00506179 /* Release */,
			);
			defaultConfigurationIsVisible = 0;
			defaultConfigurationName = Release;
		};
		97BE17501C005CBB00506179 /* Build configuration list for PBXNativeTarget "GameSample01Tests" */ = {
			isa = XCConfigurationList;
			buildConfigurations = (
				97BE17511C005CBB00506179 /* Debug */,
				97BE17521C005CBB00506179 /* Release */,
			);
			defaultConfigurationIsVisible = 0;
			defaultConfigurationName = Release;
		};
		97BE17531C005CBB00506179 /* Build configuration list for PBXNativeTarget "GameSample01UITests" */ = {
			isa = XCConfigurationList;
			buildConfigurations = (
				97BE17541C005CBB00506179 /* Debug */,
				97BE17551C005CBB00506179 /* Release */,
			);
			defaultConfigurationIsVisible = 0;
			defaultConfigurationName = Release;
		};
/* End XCConfigurationList section */
	};
	rootObject = 97BE171D1C005CBA00506179 /* Project object */;
}
